{
  "version": 4,
  "terraform_version": "1.5.2",
  "serial": 15,
  "lineage": "11f952e9-4be6-c128-d32c-32433f4e4e68",
  "outputs": {},
  "resources": [
    {
      "module": "module.instance.module.network",
      "mode": "managed",
      "type": "openstack_networking_network_v2",
      "name": "private_network",
      "provider": "provider[\"registry.terraform.io/terraform-provider-openstack/openstack\"]",
      "instances": [
        {
          "schema_version": 0,
          "attributes": {
            "admin_state_up": true,
            "all_tags": [],
            "availability_zone_hints": [],
            "description": "",
            "dns_domain": "",
            "external": false,
            "id": "22826e9f-5692-461e-91e3-532a669b0214",
            "mtu": 1442,
            "name": "private_network",
            "port_security_enabled": true,
            "qos_policy_id": "",
            "region": "",
            "segments": [
              {
                "network_type": "geneve",
                "physical_network": "",
                "segmentation_id": 14092
              }
            ],
            "shared": false,
            "tags": [],
            "tenant_id": "611497dc8e034174abb4781a00c8060a",
            "timeouts": null,
            "transparent_vlan": false,
            "value_specs": null
          },
          "sensitive_attributes": [],
          "private": "eyJlMmJmYjczMC1lY2FhLTExZTYtOGY4OC0zNDM2M2JjN2M0YzAiOnsiY3JlYXRlIjo2MDAwMDAwMDAwMDAsImRlbGV0ZSI6NjAwMDAwMDAwMDAwfX0="
        }
      ]
    },
    {
      "module": "module.instance.module.network",
      "mode": "managed",
      "type": "openstack_networking_router_interface_v2",
      "name": "router_interface",
      "provider": "provider[\"registry.terraform.io/terraform-provider-openstack/openstack\"]",
      "instances": [
        {
          "schema_version": 0,
          "attributes": {
            "force_destroy": false,
            "id": "a0a73961-2be3-4138-927b-d82415a9d4f6",
            "port_id": "a0a73961-2be3-4138-927b-d82415a9d4f6",
            "region": "",
            "router_id": "e4987f5f-fd5b-411e-be90-dae4d1910130",
            "subnet_id": "39aa61ff-65fe-4e33-ae74-1b8df80511d8",
            "timeouts": null
          },
          "sensitive_attributes": [],
          "private": "eyJlMmJmYjczMC1lY2FhLTExZTYtOGY4OC0zNDM2M2JjN2M0YzAiOnsiY3JlYXRlIjo2MDAwMDAwMDAwMDAsImRlbGV0ZSI6NjAwMDAwMDAwMDAwfX0=",
          "dependencies": [
            "module.instance.module.network.openstack_networking_network_v2.private_network",
            "module.instance.module.network.openstack_networking_router_v2.router",
            "module.instance.module.network.openstack_networking_subnet_v2.private_subnet"
          ]
        }
      ]
    },
    {
      "module": "module.instance.module.network",
      "mode": "managed",
      "type": "openstack_networking_router_v2",
      "name": "router",
      "provider": "provider[\"registry.terraform.io/terraform-provider-openstack/openstack\"]",
      "instances": [
        {
          "schema_version": 0,
          "attributes": {
            "admin_state_up": true,
            "all_tags": [],
            "availability_zone_hints": [],
            "description": "",
            "distributed": false,
            "enable_snat": false,
            "external_fixed_ip": [],
            "external_gateway": "",
            "external_network_id": "",
            "external_subnet_ids": null,
            "id": "e4987f5f-fd5b-411e-be90-dae4d1910130",
            "name": "router",
            "region": "",
            "tags": [],
            "tenant_id": "611497dc8e034174abb4781a00c8060a",
            "timeouts": null,
            "value_specs": null,
            "vendor_options": []
          },
          "sensitive_attributes": [],
          "private": "eyJlMmJmYjczMC1lY2FhLTExZTYtOGY4OC0zNDM2M2JjN2M0YzAiOnsiY3JlYXRlIjo2MDAwMDAwMDAwMDAsImRlbGV0ZSI6NjAwMDAwMDAwMDAwfX0="
        }
      ]
    },
    {
      "module": "module.instance.module.network",
      "mode": "managed",
      "type": "openstack_networking_subnet_v2",
      "name": "private_subnet",
      "provider": "provider[\"registry.terraform.io/terraform-provider-openstack/openstack\"]",
      "instances": [
        {
          "schema_version": 0,
          "attributes": {
            "all_tags": [],
            "allocation_pool": [
              {
                "end": "192.168.0.254",
                "start": "192.168.0.2"
              }
            ],
            "allocation_pools": [
              {
                "end": "192.168.0.254",
                "start": "192.168.0.2"
              }
            ],
            "cidr": "192.168.0.0/24",
            "description": "",
            "dns_nameservers": [],
            "enable_dhcp": true,
            "gateway_ip": "192.168.0.1",
            "host_routes": [],
            "id": "39aa61ff-65fe-4e33-ae74-1b8df80511d8",
            "ip_version": 4,
            "ipv6_address_mode": "",
            "ipv6_ra_mode": "",
            "name": "private_subnet",
            "network_id": "22826e9f-5692-461e-91e3-532a669b0214",
            "no_gateway": false,
            "prefix_length": null,
            "region": "",
            "service_types": [],
            "subnetpool_id": "",
            "tags": [],
            "tenant_id": "611497dc8e034174abb4781a00c8060a",
            "timeouts": null,
            "value_specs": null
          },
          "sensitive_attributes": [],
          "private": "eyJlMmJmYjczMC1lY2FhLTExZTYtOGY4OC0zNDM2M2JjN2M0YzAiOnsiY3JlYXRlIjo2MDAwMDAwMDAwMDAsImRlbGV0ZSI6NjAwMDAwMDAwMDAwfX0=",
          "dependencies": [
            "module.instance.module.network.openstack_networking_network_v2.private_network"
          ]
        }
      ]
    }
  ],
  "check_results": null
}
