{
  "version": 4,
  "terraform_version": "1.5.2",
  "serial": 44,
  "lineage": "11f952e9-4be6-c128-d32c-32433f4e4e68",
  "outputs": {},
  "resources": [
    {
      "module": "module.instance",
      "mode": "managed",
      "type": "openstack_compute_instance_v2",
      "name": "instance1",
      "provider": "provider[\"registry.terraform.io/terraform-provider-openstack/openstack\"]",
      "instances": [
        {
          "schema_version": 0,
          "attributes": {
            "access_ip_v4": "192.168.0.202",
            "access_ip_v6": "",
            "admin_pass": null,
            "all_metadata": {},
            "all_tags": [],
            "availability_zone": "nova",
            "availability_zone_hints": null,
            "block_device": [],
            "config_drive": null,
            "created": "2023-07-06 07:52:33 +0000 UTC",
            "flavor_id": "2",
            "flavor_name": "m1.small",
            "floating_ip": null,
            "force_delete": false,
            "id": "ebe42e08-b9b6-4a43-9de1-ca14067353b7",
            "image_id": "dc61ef38-3f36-46d9-8af1-e0e54011889c",
            "image_name": "ubuntu",
            "key_pair": "",
            "metadata": null,
            "name": "instance1",
            "network": [
              {
                "access_network": false,
                "fixed_ip_v4": "192.168.0.202",
                "fixed_ip_v6": "",
                "floating_ip": "",
                "mac": "fa:16:3e:c1:f2:f4",
                "name": "private_network",
                "port": "",
                "uuid": "9e31a270-3665-46bc-b769-53f8d4e881f8"
              }
            ],
            "network_mode": null,
            "personality": [],
            "power_state": "active",
            "region": "",
            "scheduler_hints": [],
            "security_groups": [
              "default"
            ],
            "stop_before_destroy": false,
            "tags": null,
            "timeouts": null,
            "updated": "2023-07-06 07:54:51 +0000 UTC",
            "user_data": null,
            "vendor_options": [],
            "volume": []
          },
          "sensitive_attributes": [],
          "private": "eyJlMmJmYjczMC1lY2FhLTExZTYtOGY4OC0zNDM2M2JjN2M0YzAiOnsiY3JlYXRlIjoxODAwMDAwMDAwMDAwLCJkZWxldGUiOjE4MDAwMDAwMDAwMDAsInVwZGF0ZSI6MTgwMDAwMDAwMDAwMH19",
          "dependencies": [
            "module.network.openstack_networking_network_v2.private_network"
          ]
        }
      ]
    },
    {
      "module": "module.instance",
      "mode": "managed",
      "type": "openstack_compute_instance_v2",
      "name": "instance2",
      "provider": "provider[\"registry.terraform.io/terraform-provider-openstack/openstack\"]",
      "instances": [
        {
          "status": "tainted",
          "schema_version": 0,
          "attributes": {
            "access_ip_v4": null,
            "access_ip_v6": null,
            "admin_pass": null,
            "all_metadata": null,
            "all_tags": [],
            "availability_zone": null,
            "availability_zone_hints": null,
            "block_device": [],
            "config_drive": null,
            "created": null,
            "flavor_id": null,
            "flavor_name": "m1.small",
            "floating_ip": null,
            "force_delete": false,
            "id": "2d733984-2626-4d96-9cb1-fbb2b4b3f2f7",
            "image_id": null,
            "image_name": "ubuntu",
            "key_pair": null,
            "metadata": null,
            "name": "instance2",
            "network": [
              {
                "access_network": false,
                "fixed_ip_v4": "",
                "fixed_ip_v6": "",
                "floating_ip": "",
                "mac": "",
                "name": "",
                "port": "",
                "uuid": "30524e23-b2d2-4959-ae36-6f977a6316e7"
              }
            ],
            "network_mode": null,
            "personality": [],
            "power_state": "active",
            "region": null,
            "scheduler_hints": [],
            "security_groups": [
              "default"
            ],
            "stop_before_destroy": false,
            "tags": null,
            "timeouts": null,
            "updated": null,
            "user_data": null,
            "vendor_options": [],
            "volume": []
          },
          "sensitive_attributes": [],
          "private": "eyJlMmJmYjczMC1lY2FhLTExZTYtOGY4OC0zNDM2M2JjN2M0YzAiOnsiY3JlYXRlIjoxODAwMDAwMDAwMDAwLCJkZWxldGUiOjE4MDAwMDAwMDAwMDAsInVwZGF0ZSI6MTgwMDAwMDAwMDAwMH19"
        }
      ]
    },
    {
      "module": "module.instance.module.network",
      "mode": "managed",
      "type": "openstack_networking_network_v2",
      "name": "private_network",
      "provider": "provider[\"registry.terraform.io/terraform-provider-openstack/openstack\"]",
      "instances": [
        {
          "schema_version": 0,
          "attributes": {
            "admin_state_up": true,
            "all_tags": [],
            "availability_zone_hints": [],
            "description": "",
            "dns_domain": "",
            "external": false,
            "id": "042c7b76-b22f-4b16-9ff2-e6cd5b23f1d7",
            "mtu": 1442,
            "name": "private_network",
            "port_security_enabled": true,
            "qos_policy_id": "",
            "region": "",
            "segments": [
              {
                "network_type": "geneve",
                "physical_network": "",
                "segmentation_id": 55562
              }
            ],
            "shared": false,
            "tags": [],
            "tenant_id": "611497dc8e034174abb4781a00c8060a",
            "timeouts": null,
            "transparent_vlan": false,
            "value_specs": null
          },
          "sensitive_attributes": [],
          "private": "eyJlMmJmYjczMC1lY2FhLTExZTYtOGY4OC0zNDM2M2JjN2M0YzAiOnsiY3JlYXRlIjo2MDAwMDAwMDAwMDAsImRlbGV0ZSI6NjAwMDAwMDAwMDAwfX0="
        }
      ]
    },
    {
      "module": "module.instance.module.network",
      "mode": "managed",
      "type": "openstack_networking_router_interface_v2",
      "name": "router_interface",
      "provider": "provider[\"registry.terraform.io/terraform-provider-openstack/openstack\"]",
      "instances": [
        {
          "schema_version": 0,
          "attributes": {
            "force_destroy": false,
            "id": "c0665de1-6c96-4c66-9c6a-f8dbb4301e8f",
            "port_id": "c0665de1-6c96-4c66-9c6a-f8dbb4301e8f",
            "region": "",
            "router_id": "8530985b-bf21-4e35-a9d0-145bc84050d6",
            "subnet_id": "22084ca6-043b-496d-a1df-6e9942d63a70",
            "timeouts": null
          },
          "sensitive_attributes": [],
          "private": "eyJlMmJmYjczMC1lY2FhLTExZTYtOGY4OC0zNDM2M2JjN2M0YzAiOnsiY3JlYXRlIjo2MDAwMDAwMDAwMDAsImRlbGV0ZSI6NjAwMDAwMDAwMDAwfX0=",
          "dependencies": [
            "module.instance.module.network.openstack_networking_network_v2.private_network",
            "module.instance.module.network.openstack_networking_router_v2.router",
            "module.instance.module.network.openstack_networking_subnet_v2.private_subnet"
          ]
        }
      ]
    },
    {
      "module": "module.instance.module.network",
      "mode": "managed",
      "type": "openstack_networking_router_v2",
      "name": "router",
      "provider": "provider[\"registry.terraform.io/terraform-provider-openstack/openstack\"]",
      "instances": [
        {
          "schema_version": 0,
          "attributes": {
            "admin_state_up": true,
            "all_tags": [],
            "availability_zone_hints": [],
            "description": "",
            "distributed": false,
            "enable_snat": false,
            "external_fixed_ip": [],
            "external_gateway": "",
            "external_network_id": "",
            "external_subnet_ids": null,
            "id": "8530985b-bf21-4e35-a9d0-145bc84050d6",
            "name": "router",
            "region": "",
            "tags": [],
            "tenant_id": "611497dc8e034174abb4781a00c8060a",
            "timeouts": null,
            "value_specs": null,
            "vendor_options": []
          },
          "sensitive_attributes": [],
          "private": "eyJlMmJmYjczMC1lY2FhLTExZTYtOGY4OC0zNDM2M2JjN2M0YzAiOnsiY3JlYXRlIjo2MDAwMDAwMDAwMDAsImRlbGV0ZSI6NjAwMDAwMDAwMDAwfX0="
        }
      ]
    },
    {
      "module": "module.instance.module.network",
      "mode": "managed",
      "type": "openstack_networking_subnet_v2",
      "name": "private_subnet",
      "provider": "provider[\"registry.terraform.io/terraform-provider-openstack/openstack\"]",
      "instances": [
        {
          "schema_version": 0,
          "attributes": {
            "all_tags": [],
            "allocation_pool": [
              {
                "end": "192.168.0.254",
                "start": "192.168.0.2"
              }
            ],
            "allocation_pools": [
              {
                "end": "192.168.0.254",
                "start": "192.168.0.2"
              }
            ],
            "cidr": "192.168.0.0/24",
            "description": "",
            "dns_nameservers": [],
            "enable_dhcp": true,
            "gateway_ip": "192.168.0.1",
            "host_routes": [],
            "id": "22084ca6-043b-496d-a1df-6e9942d63a70",
            "ip_version": 4,
            "ipv6_address_mode": "",
            "ipv6_ra_mode": "",
            "name": "private_subnet",
            "network_id": "042c7b76-b22f-4b16-9ff2-e6cd5b23f1d7",
            "no_gateway": false,
            "prefix_length": null,
            "region": "",
            "service_types": [],
            "subnetpool_id": "",
            "tags": [],
            "tenant_id": "611497dc8e034174abb4781a00c8060a",
            "timeouts": null,
            "value_specs": null
          },
          "sensitive_attributes": [],
          "private": "eyJlMmJmYjczMC1lY2FhLTExZTYtOGY4OC0zNDM2M2JjN2M0YzAiOnsiY3JlYXRlIjo2MDAwMDAwMDAwMDAsImRlbGV0ZSI6NjAwMDAwMDAwMDAwfX0=",
          "dependencies": [
            "module.instance.module.network.openstack_networking_network_v2.private_network"
          ]
        }
      ]
    },
    {
      "module": "module.network",
      "mode": "managed",
      "type": "openstack_networking_network_v2",
      "name": "private_network",
      "provider": "provider[\"registry.terraform.io/terraform-provider-openstack/openstack\"]",
      "instances": [
        {
          "schema_version": 0,
          "attributes": {
            "admin_state_up": true,
            "all_tags": [],
            "availability_zone_hints": [],
            "description": "",
            "dns_domain": "",
            "external": false,
            "id": "9e31a270-3665-46bc-b769-53f8d4e881f8",
            "mtu": 1442,
            "name": "private_network",
            "port_security_enabled": true,
            "qos_policy_id": "",
            "region": "",
            "segments": [
              {
                "network_type": "geneve",
                "physical_network": "",
                "segmentation_id": 35631
              }
            ],
            "shared": false,
            "tags": [],
            "tenant_id": "611497dc8e034174abb4781a00c8060a",
            "timeouts": null,
            "transparent_vlan": false,
            "value_specs": null
          },
          "sensitive_attributes": [],
          "private": "eyJlMmJmYjczMC1lY2FhLTExZTYtOGY4OC0zNDM2M2JjN2M0YzAiOnsiY3JlYXRlIjo2MDAwMDAwMDAwMDAsImRlbGV0ZSI6NjAwMDAwMDAwMDAwfX0="
        }
      ]
    },
    {
      "module": "module.network",
      "mode": "managed",
      "type": "openstack_networking_router_interface_v2",
      "name": "router_interface",
      "provider": "provider[\"registry.terraform.io/terraform-provider-openstack/openstack\"]",
      "instances": [
        {
          "schema_version": 0,
          "attributes": {
            "force_destroy": false,
            "id": "4a5a7354-12b6-43a2-afdd-24c3fa2768e9",
            "port_id": "4a5a7354-12b6-43a2-afdd-24c3fa2768e9",
            "region": "",
            "router_id": "60843adb-0760-4723-a5db-242285144fa3",
            "subnet_id": "886c8cd8-df84-4ab3-b5cc-c8c1b0f38c25",
            "timeouts": null
          },
          "sensitive_attributes": [],
          "private": "eyJlMmJmYjczMC1lY2FhLTExZTYtOGY4OC0zNDM2M2JjN2M0YzAiOnsiY3JlYXRlIjo2MDAwMDAwMDAwMDAsImRlbGV0ZSI6NjAwMDAwMDAwMDAwfX0=",
          "dependencies": [
            "module.network.openstack_networking_network_v2.private_network",
            "module.network.openstack_networking_router_v2.router",
            "module.network.openstack_networking_subnet_v2.private_subnet"
          ]
        }
      ]
    },
    {
      "module": "module.network",
      "mode": "managed",
      "type": "openstack_networking_router_v2",
      "name": "router",
      "provider": "provider[\"registry.terraform.io/terraform-provider-openstack/openstack\"]",
      "instances": [
        {
          "schema_version": 0,
          "attributes": {
            "admin_state_up": true,
            "all_tags": [],
            "availability_zone_hints": [],
            "description": "",
            "distributed": false,
            "enable_snat": false,
            "external_fixed_ip": [],
            "external_gateway": "",
            "external_network_id": "",
            "external_subnet_ids": null,
            "id": "60843adb-0760-4723-a5db-242285144fa3",
            "name": "router",
            "region": "",
            "tags": [],
            "tenant_id": "611497dc8e034174abb4781a00c8060a",
            "timeouts": null,
            "value_specs": null,
            "vendor_options": []
          },
          "sensitive_attributes": [],
          "private": "eyJlMmJmYjczMC1lY2FhLTExZTYtOGY4OC0zNDM2M2JjN2M0YzAiOnsiY3JlYXRlIjo2MDAwMDAwMDAwMDAsImRlbGV0ZSI6NjAwMDAwMDAwMDAwfX0="
        }
      ]
    },
    {
      "module": "module.network",
      "mode": "managed",
      "type": "openstack_networking_subnet_v2",
      "name": "private_subnet",
      "provider": "provider[\"registry.terraform.io/terraform-provider-openstack/openstack\"]",
      "instances": [
        {
          "schema_version": 0,
          "attributes": {
            "all_tags": [],
            "allocation_pool": [
              {
                "end": "192.168.0.254",
                "start": "192.168.0.2"
              }
            ],
            "allocation_pools": [
              {
                "end": "192.168.0.254",
                "start": "192.168.0.2"
              }
            ],
            "cidr": "192.168.0.0/24",
            "description": "",
            "dns_nameservers": [],
            "enable_dhcp": true,
            "gateway_ip": "192.168.0.1",
            "host_routes": [],
            "id": "886c8cd8-df84-4ab3-b5cc-c8c1b0f38c25",
            "ip_version": 4,
            "ipv6_address_mode": "",
            "ipv6_ra_mode": "",
            "name": "private_subnet",
            "network_id": "9e31a270-3665-46bc-b769-53f8d4e881f8",
            "no_gateway": false,
            "prefix_length": null,
            "region": "",
            "service_types": [],
            "subnetpool_id": "",
            "tags": [],
            "tenant_id": "611497dc8e034174abb4781a00c8060a",
            "timeouts": null,
            "value_specs": null
          },
          "sensitive_attributes": [],
          "private": "eyJlMmJmYjczMC1lY2FhLTExZTYtOGY4OC0zNDM2M2JjN2M0YzAiOnsiY3JlYXRlIjo2MDAwMDAwMDAwMDAsImRlbGV0ZSI6NjAwMDAwMDAwMDAwfX0=",
          "dependencies": [
            "module.network.openstack_networking_network_v2.private_network"
          ]
        }
      ]
    }
  ],
  "check_results": null
}
